
Microsoft Visual Studio Solution File, Format Version 12.00
# Visual Studio Version 17
VisualStudioVersion = 17.7.34003.232
MinimumVisualStudioVersion = 10.0.40219.1
Project("{FAE04EC0-301F-11D3-BF4B-00C04F79EFBC}") = "Portfolio_Athoy", "Portfolio_Athoy\Portfolio_Athoy.csproj", "{E3E90992-7A62-4642-9381-387CEB84C3D5}"
EndProject
Global
	GlobalSection(SolutionConfigurationPlatforms) = preSolution
		Debug|Any CPU = Debug|Any CPU
		Release|Any CPU = Release|Any CPU
	EndGlobalSection
	GlobalSection(ProjectConfigurationPlatforms) = postSolution
		{E3E90992-7A62-4642-9381-387CEB84C3D5}.Debug|Any CPU.ActiveCfg = Debug|Any CPU
		{E3E90992-7A62-4642-9381-387CEB84C3D5}.Debug|Any CPU.Build.0 = Debug|Any CPU
		{E3E90992-7A62-4642-9381-387CEB84C3D5}.Release|Any CPU.ActiveCfg = Release|Any CPU
		{E3E90992-7A62-4642-9381-387CEB84C3D5}.Release|Any CPU.Build.0 = Release|Any CPU
	EndGlobalSection
	GlobalSection(SolutionProperties) = preSolution
		HideSolutionNode = FALSE
	EndGlobalSection
	GlobalSection(ExtensibilityGlobals) = postSolution
		SolutionGuid = {DFC96A6E-70BE-4801-B11A-7C8009DED2E4}
	EndGlobalSection
EndGlobal
